
Microsoft Visual Studio Solution File, Format Version 12.00
# Visual Studio Version 17
VisualStudioVersion = 17.7.34031.279
MinimumVisualStudioVersion = 10.0.40219.1
Project("{9A19103F-16F7-4668-BE54-9A1E7A4F7556}") = "EgsLib", "EgsLib\EgsLib.csproj", "{79992BFD-EA18-4D55-8A9C-782B6370C186}"
EndProject
Project("{9A19103F-16F7-4668-BE54-9A1E7A4F7556}") = "ScenarioDumper", "ScenarioDumper\ScenarioDumper.csproj", "{2EE02BEB-891C-478F-805D-74895EB47C53}"
EndProject
Project("{2150E333-8FDC-42A3-9474-1A3956D46DE8}") = "Solution Items", "Solution Items", "{AF0809CA-9A2E-4AB6-B2FC-B635E8E2CC6F}"
	ProjectSection(SolutionItems) = preProject
		.gitattributes = .gitattributes
		.gitignore = .gitignore
		LICENSE.md = LICENSE.md
		README.md = README.md
	EndProjectSection
EndProject
Project("{9A19103F-16F7-4668-BE54-9A1E7A4F7556}") = "EgsLib.Tests", "EgsLib.Tests\EgsLib.Tests.csproj", "{780AC3F7-26B0-43BA-A4A0-E3DEA675C510}"
EndProject
Project("{9A19103F-16F7-4668-BE54-9A1E7A4F7556}") = "EgsLib.Benchmark", "EgsLib.Benchmark\EgsLib.Benchmark.csproj", "{32A39BA0-211B-43FE-91EC-F98FB03468F3}"
EndProject
Project("{2150E333-8FDC-42A3-9474-1A3956D46DE8}") = "workflows", "workflows", "{76612BD9-1FF2-48EF-B94B-A1EBB7E9E4CD}"
	ProjectSection(SolutionItems) = preProject
		.github\workflows\push.yml = .github\workflows\push.yml
		.github\workflows\release.yml = .github\workflows\release.yml
	EndProjectSection
EndProject
Global
	GlobalSection(SolutionConfigurationPlatforms) = preSolution
		Debug|Any CPU = Debug|Any CPU
		Release|Any CPU = Release|Any CPU
	EndGlobalSection
	GlobalSection(ProjectConfigurationPlatforms) = postSolution
		{79992BFD-EA18-4D55-8A9C-782B6370C186}.Debug|Any CPU.ActiveCfg = Debug|Any CPU
		{79992BFD-EA18-4D55-8A9C-782B6370C186}.Debug|Any CPU.Build.0 = Debug|Any CPU
		{79992BFD-EA18-4D55-8A9C-782B6370C186}.Release|Any CPU.ActiveCfg = Release|Any CPU
		{79992BFD-EA18-4D55-8A9C-782B6370C186}.Release|Any CPU.Build.0 = Release|Any CPU
		{2EE02BEB-891C-478F-805D-74895EB47C53}.Debug|Any CPU.ActiveCfg = Debug|Any CPU
		{2EE02BEB-891C-478F-805D-74895EB47C53}.Debug|Any CPU.Build.0 = Debug|Any CPU
		{2EE02BEB-891C-478F-805D-74895EB47C53}.Release|Any CPU.ActiveCfg = Release|Any CPU
		{2EE02BEB-891C-478F-805D-74895EB47C53}.Release|Any CPU.Build.0 = Release|Any CPU
		{780AC3F7-26B0-43BA-A4A0-E3DEA675C510}.Debug|Any CPU.ActiveCfg = Debug|Any CPU
		{780AC3F7-26B0-43BA-A4A0-E3DEA675C510}.Debug|Any CPU.Build.0 = Debug|Any CPU
		{780AC3F7-26B0-43BA-A4A0-E3DEA675C510}.Release|Any CPU.ActiveCfg = Release|Any CPU
		{780AC3F7-26B0-43BA-A4A0-E3DEA675C510}.Release|Any CPU.Build.0 = Release|Any CPU
		{32A39BA0-211B-43FE-91EC-F98FB03468F3}.Debug|Any CPU.ActiveCfg = Debug|Any CPU
		{32A39BA0-211B-43FE-91EC-F98FB03468F3}.Debug|Any CPU.Build.0 = Debug|Any CPU
		{32A39BA0-211B-43FE-91EC-F98FB03468F3}.Release|Any CPU.ActiveCfg = Release|Any CPU
		{32A39BA0-211B-43FE-91EC-F98FB03468F3}.Release|Any CPU.Build.0 = Release|Any CPU
	EndGlobalSection
	GlobalSection(SolutionProperties) = preSolution
		HideSolutionNode = FALSE
	EndGlobalSection
	GlobalSection(NestedProjects) = preSolution
		{76612BD9-1FF2-48EF-B94B-A1EBB7E9E4CD} = {AF0809CA-9A2E-4AB6-B2FC-B635E8E2CC6F}
	EndGlobalSection
	GlobalSection(ExtensibilityGlobals) = postSolution
		SolutionGuid = {D2D35935-6A7C-47B0-AD20-A87848EF25A0}
	EndGlobalSection
EndGlobal
